// !$*UTF8*$!
{
	archiveVersion = 1;
	classes = {
	};
	objectVersion = 56;
	objects = {

/* Begin PBXBuildFile section */
		BFC7CADA2E11E66F001B39B5 /* AppDelegate.swift in Sources */ = {isa = PBXBuildFile; fileRef = BFC7CAD92E11E66F001B39B5 /* AppDelegate.swift */; };
		BFC7CAE32E11E674001B39B5 /* Assets.xcassets in Resources */ = {isa = PBXBuildFile; fileRef = BFC7CAE22E11E674001B39B5 /* Assets.xcassets */; };
		BFC7CAF02E11E6FE001B39B5 /* Colors.swift in Sources */ = {isa = PBXBuildFile; fileRef = BFC7CAEE2E11E6FE001B39B5 /* Colors.swift */; };
		BFC7CAF12E11E6FE001B39B5 /* Fonts.swift in Sources */ = {isa = PBXBuildFile; fileRef = BFC7CAEF2E11E6FE001B39B5 /* Fonts.swift */; };
		BFC7CAF52E11E7EE001B39B5 /* NSAttributedString+Ext.swift in Sources */ = {isa = PBXBuildFile; fileRef = BFC7CAF32E11E7EE001B39B5 /* NSAttributedString+Ext.swift */; };
		BFC7CAF62E11E7EE001B39B5 /* String+Ext.swift in Sources */ = {isa = PBXBuildFile; fileRef = BFC7CAF42E11E7EE001B39B5 /* String+Ext.swift */; };
		BFC7CAFA2E11E80D001B39B5 /* Reviews.swift in Sources */ = {isa = PBXBuildFile; fileRef = BFC7CAF82E11E80D001B39B5 /* Reviews.swift */; };
		BFC7CAFB2E11E80D001B39B5 /* Review.swift in Sources */ = {isa = PBXBuildFile; fileRef = BFC7CAF92E11E80D001B39B5 /* Review.swift */; };
		BFC7CAFE2E11E826001B39B5 /* TableCellConfig.swift in Sources */ = {isa = PBXBuildFile; fileRef = BFC7CAFD2E11E826001B39B5 /* TableCellConfig.swift */; };
		BFC7CB022E11E8BB001B39B5 /* getReviews.response.json in Resources */ = {isa = PBXBuildFile; fileRef = BFC7CB012E11E8BB001B39B5 /* getReviews.response.json */; };
		BFC7CB0C2E11E8E2001B39B5 /* ReviewsProvider.swift in Sources */ = {isa = PBXBuildFile; fileRef = BFC7CB052E11E8E0001B39B5 /* ReviewsProvider.swift */; };
		BFC7CB0D2E11E8E2001B39B5 /* ReviewsScreenFactory.swift in Sources */ = {isa = PBXBuildFile; fileRef = BFC7CB062E11E8E0001B39B5 /* ReviewsScreenFactory.swift */; };
		BFC7CB0E2E11E8E2001B39B5 /* ReviewsViewController.swift in Sources */ = {isa = PBXBuildFile; fileRef = BFC7CB072E11E8E1001B39B5 /* ReviewsViewController.swift */; };
		BFC7CB0F2E11E8E2001B39B5 /* ReviewsViewModel.swift in Sources */ = {isa = PBXBuildFile; fileRef = BFC7CB082E11E8E1001B39B5 /* ReviewsViewModel.swift */; };
		BFC7CB102E11E8E2001B39B5 /* ReviewsView.swift in Sources */ = {isa = PBXBuildFile; fileRef = BFC7CB092E11E8E1001B39B5 /* ReviewsView.swift */; };
		BFC7CB112E11E8E2001B39B5 /* RatingRenderer.swift in Sources */ = {isa = PBXBuildFile; fileRef = BFC7CB0A2E11E8E2001B39B5 /* RatingRenderer.swift */; };
		BFC7CB122E11E8E2001B39B5 /* ReviewsViewModelState.swift in Sources */ = {isa = PBXBuildFile; fileRef = BFC7CB0B2E11E8E2001B39B5 /* ReviewsViewModelState.swift */; };
		BFC7CB152E11E8F0001B39B5 /* ReviewCell.swift in Sources */ = {isa = PBXBuildFile; fileRef = BFC7CB142E11E8F0001B39B5 /* ReviewCell.swift */; };
		BFC7CB192E11E903001B39B5 /* RootViewController.swift in Sources */ = {isa = PBXBuildFile; fileRef = BFC7CB172E11E903001B39B5 /* RootViewController.swift */; };
		BFC7CB1A2E11E903001B39B5 /* RootView.swift in Sources */ = {isa = PBXBuildFile; fileRef = BFC7CB182E11E903001B39B5 /* RootView.swift */; };
		BFC7CB1C2E11EC2E001B39B5 /* ReviewCountCell.swift in Sources */ = {isa = PBXBuildFile; fileRef = BFC7CB1B2E11EC2E001B39B5 /* ReviewCountCell.swift */; };
/* End PBXBuildFile section */

/* Begin PBXFileReference section */
		BFC7CAD62E11E66F001B39B5 /* ReviewsApp.app */ = {isa = PBXFileReference; explicitFileType = wrapper.application; includeInIndex = 0; path = ReviewsApp.app; sourceTree = BUILT_PRODUCTS_DIR; };
		BFC7CAD92E11E66F001B39B5 /* AppDelegate.swift */ = {isa = PBXFileReference; lastKnownFileType = sourcecode.swift; path = AppDelegate.swift; sourceTree = "<group>"; };
		BFC7CAE22E11E674001B39B5 /* Assets.xcassets */ = {isa = PBXFileReference; lastKnownFileType = folder.assetcatalog; path = Assets.xcassets; sourceTree = "<group>"; };
		BFC7CAE72E11E674001B39B5 /* Info.plist */ = {isa = PBXFileReference; lastKnownFileType = text.plist.xml; path = Info.plist; sourceTree = "<group>"; };
		BFC7CAEE2E11E6FE001B39B5 /* Colors.swift */ = {isa = PBXFileReference; fileEncoding = 4; lastKnownFileType = sourcecode.swift; path = Colors.swift; sourceTree = "<group>"; };
		BFC7CAEF2E11E6FE001B39B5 /* Fonts.swift */ = {isa = PBXFileReference; fileEncoding = 4; lastKnownFileType = sourcecode.swift; path = Fonts.swift; sourceTree = "<group>"; };
		BFC7CAF32E11E7EE001B39B5 /* NSAttributedString+Ext.swift */ = {isa = PBXFileReference; fileEncoding = 4; lastKnownFileType = sourcecode.swift; path = "NSAttributedString+Ext.swift"; sourceTree = "<group>"; };
		BFC7CAF42E11E7EE001B39B5 /* String+Ext.swift */ = {isa = PBXFileReference; fileEncoding = 4; lastKnownFileType = sourcecode.swift; path = "String+Ext.swift"; sourceTree = "<group>"; };
		BFC7CAF82E11E80D001B39B5 /* Reviews.swift */ = {isa = PBXFileReference; fileEncoding = 4; lastKnownFileType = sourcecode.swift; path = Reviews.swift; sourceTree = "<group>"; };
		BFC7CAF92E11E80D001B39B5 /* Review.swift */ = {isa = PBXFileReference; fileEncoding = 4; lastKnownFileType = sourcecode.swift; path = Review.swift; sourceTree = "<group>"; };
		BFC7CAFD2E11E826001B39B5 /* TableCellConfig.swift */ = {isa = PBXFileReference; fileEncoding = 4; lastKnownFileType = sourcecode.swift; path = TableCellConfig.swift; sourceTree = "<group>"; };
		BFC7CB012E11E8BB001B39B5 /* getReviews.response.json */ = {isa = PBXFileReference; fileEncoding = 4; lastKnownFileType = text.json; path = getReviews.response.json; sourceTree = "<group>"; };
		BFC7CB052E11E8E0001B39B5 /* ReviewsProvider.swift */ = {isa = PBXFileReference; fileEncoding = 4; lastKnownFileType = sourcecode.swift; path = ReviewsProvider.swift; sourceTree = "<group>"; };
		BFC7CB062E11E8E0001B39B5 /* ReviewsScreenFactory.swift */ = {isa = PBXFileReference; fileEncoding = 4; lastKnownFileType = sourcecode.swift; path = ReviewsScreenFactory.swift; sourceTree = "<group>"; };
		BFC7CB072E11E8E1001B39B5 /* ReviewsViewController.swift */ = {isa = PBXFileReference; fileEncoding = 4; lastKnownFileType = sourcecode.swift; path = ReviewsViewController.swift; sourceTree = "<group>"; };
		BFC7CB082E11E8E1001B39B5 /* ReviewsViewModel.swift */ = {isa = PBXFileReference; fileEncoding = 4; lastKnownFileType = sourcecode.swift; path = ReviewsViewModel.swift; sourceTree = "<group>"; };
		BFC7CB092E11E8E1001B39B5 /* ReviewsView.swift */ = {isa = PBXFileReference; fileEncoding = 4; lastKnownFileType = sourcecode.swift; path = ReviewsView.swift; sourceTree = "<group>"; };
		BFC7CB0A2E11E8E2001B39B5 /* RatingRenderer.swift */ = {isa = PBXFileReference; fileEncoding = 4; lastKnownFileType = sourcecode.swift; path = RatingRenderer.swift; sourceTree = "<group>"; };
		BFC7CB0B2E11E8E2001B39B5 /* ReviewsViewModelState.swift */ = {isa = PBXFileReference; fileEncoding = 4; lastKnownFileType = sourcecode.swift; path = ReviewsViewModelState.swift; sourceTree = "<group>"; };
		BFC7CB142E11E8F0001B39B5 /* ReviewCell.swift */ = {isa = PBXFileReference; fileEncoding = 4; lastKnownFileType = sourcecode.swift; path = ReviewCell.swift; sourceTree = "<group>"; };
		BFC7CB172E11E903001B39B5 /* RootViewController.swift */ = {isa = PBXFileReference; fileEncoding = 4; lastKnownFileType = sourcecode.swift; path = RootViewController.swift; sourceTree = "<group>"; };
		BFC7CB182E11E903001B39B5 /* RootView.swift */ = {isa = PBXFileReference; fileEncoding = 4; lastKnownFileType = sourcecode.swift; path = RootView.swift; sourceTree = "<group>"; };
		BFC7CB1B2E11EC2E001B39B5 /* ReviewCountCell.swift */ = {isa = PBXFileReference; lastKnownFileType = sourcecode.swift; path = ReviewCountCell.swift; sourceTree = "<group>"; };
/* End PBXFileReference section */

/* Begin PBXFrameworksBuildPhase section */
		BFC7CAD32E11E66F001B39B5 /* Frameworks */ = {
			isa = PBXFrameworksBuildPhase;
			buildActionMask = 2147483647;
			files = (
			);
			runOnlyForDeploymentPostprocessing = 0;
		};
/* End PBXFrameworksBuildPhase section */

/* Begin PBXGroup section */
		BFC7CACD2E11E66F001B39B5 = {
			isa = PBXGroup;
			children = (
				BFC7CAD82E11E66F001B39B5 /* ReviewsApp */,
				BFC7CAD72E11E66F001B39B5 /* Products */,
			);
			sourceTree = "<group>";
		};
		BFC7CAD72E11E66F001B39B5 /* Products */ = {
			isa = PBXGroup;
			children = (
				BFC7CAD62E11E66F001B39B5 /* ReviewsApp.app */,
			);
			name = Products;
			sourceTree = "<group>";
		};
		BFC7CAD82E11E66F001B39B5 /* ReviewsApp */ = {
			isa = PBXGroup;
			children = (
				BFC7CAD92E11E66F001B39B5 /* AppDelegate.swift */,
				BFC7CB032E11E8C5001B39B5 /* Screens */,
				BFC7CAFF2E11E835001B39B5 /* Resources */,
				BFC7CAFC2E11E81A001B39B5 /* Protocols */,
				BFC7CAF72E11E7FC001B39B5 /* Model */,
				BFC7CAF22E11E7E3001B39B5 /* Extensions */,
				BFC7CAED2E11E6DB001B39B5 /* Constants */,
				BFC7CAE72E11E674001B39B5 /* Info.plist */,
			);
			path = ReviewsApp;
			sourceTree = "<group>";
		};
		BFC7CAED2E11E6DB001B39B5 /* Constants */ = {
			isa = PBXGroup;
			children = (
				BFC7CAEE2E11E6FE001B39B5 /* Colors.swift */,
				BFC7CAEF2E11E6FE001B39B5 /* Fonts.swift */,
			);
			path = Constants;
			sourceTree = "<group>";
		};
		BFC7CAF22E11E7E3001B39B5 /* Extensions */ = {
			isa = PBXGroup;
			children = (
				BFC7CAF32E11E7EE001B39B5 /* NSAttributedString+Ext.swift */,
				BFC7CAF42E11E7EE001B39B5 /* String+Ext.swift */,
			);
			path = Extensions;
			sourceTree = "<group>";
		};
		BFC7CAF72E11E7FC001B39B5 /* Model */ = {
			isa = PBXGroup;
			children = (
				BFC7CAF92E11E80D001B39B5 /* Review.swift */,
				BFC7CAF82E11E80D001B39B5 /* Reviews.swift */,
			);
			path = Model;
			sourceTree = "<group>";
		};
		BFC7CAFC2E11E81A001B39B5 /* Protocols */ = {
			isa = PBXGroup;
			children = (
				BFC7CAFD2E11E826001B39B5 /* TableCellConfig.swift */,
			);
			path = Protocols;
			sourceTree = "<group>";
		};
		BFC7CAFF2E11E835001B39B5 /* Resources */ = {
			isa = PBXGroup;
			children = (
				BFC7CB002E11E8AC001B39B5 /* Responses */,
				BFC7CAE22E11E674001B39B5 /* Assets.xcassets */,
			);
			path = Resources;
			sourceTree = "<group>";
		};
		BFC7CB002E11E8AC001B39B5 /* Responses */ = {
			isa = PBXGroup;
			children = (
				BFC7CB012E11E8BB001B39B5 /* getReviews.response.json */,
			);
			path = Responses;
			sourceTree = "<group>";
		};
		BFC7CB032E11E8C5001B39B5 /* Screens */ = {
			isa = PBXGroup;
			children = (
				BFC7CB162E11E8F6001B39B5 /* Root */,
				BFC7CB042E11E8D0001B39B5 /* Reviews */,
			);
			path = Screens;
			sourceTree = "<group>";
		};
		BFC7CB042E11E8D0001B39B5 /* Reviews */ = {
			isa = PBXGroup;
			children = (
				BFC7CB132E11E8E4001B39B5 /* Cells */,
				BFC7CB0A2E11E8E2001B39B5 /* RatingRenderer.swift */,
				BFC7CB052E11E8E0001B39B5 /* ReviewsProvider.swift */,
				BFC7CB062E11E8E0001B39B5 /* ReviewsScreenFactory.swift */,
				BFC7CB092E11E8E1001B39B5 /* ReviewsView.swift */,
				BFC7CB072E11E8E1001B39B5 /* ReviewsViewController.swift */,
				BFC7CB082E11E8E1001B39B5 /* ReviewsViewModel.swift */,
				BFC7CB0B2E11E8E2001B39B5 /* ReviewsViewModelState.swift */,
			);
			path = Reviews;
			sourceTree = "<group>";
		};
		BFC7CB132E11E8E4001B39B5 /* Cells */ = {
			isa = PBXGroup;
			children = (
				BFC7CB142E11E8F0001B39B5 /* ReviewCell.swift */,
				BFC7CB1B2E11EC2E001B39B5 /* ReviewCountCell.swift */,
			);
			path = Cells;
			sourceTree = "<group>";
		};
		BFC7CB162E11E8F6001B39B5 /* Root */ = {
			isa = PBXGroup;
			children = (
				BFC7CB182E11E903001B39B5 /* RootView.swift */,
				BFC7CB172E11E903001B39B5 /* RootViewController.swift */,
			);
			path = Root;
			sourceTree = "<group>";
		};
/* End PBXGroup section */

/* Begin PBXNativeTarget section */
		BFC7CAD52E11E66F001B39B5 /* ReviewsApp */ = {
			isa = PBXNativeTarget;
			buildConfigurationList = BFC7CAEA2E11E674001B39B5 /* Build configuration list for PBXNativeTarget "ReviewsApp" */;
			buildPhases = (
				BFC7CAD22E11E66F001B39B5 /* Sources */,
				BFC7CAD32E11E66F001B39B5 /* Frameworks */,
				BFC7CAD42E11E66F001B39B5 /* Resources */,
			);
			buildRules = (
			);
			dependencies = (
			);
			name = ReviewsApp;
			productName = ReviewsApp;
			productReference = BFC7CAD62E11E66F001B39B5 /* ReviewsApp.app */;
			productType = "com.apple.product-type.application";
		};
/* End PBXNativeTarget section */

/* Begin PBXProject section */
		BFC7CACE2E11E66F001B39B5 /* Project object */ = {
			isa = PBXProject;
			attributes = {
				BuildIndependentTargetsInParallel = 1;
				LastSwiftUpdateCheck = 1520;
				LastUpgradeCheck = 1520;
				TargetAttributes = {
					BFC7CAD52E11E66F001B39B5 = {
						CreatedOnToolsVersion = 15.2;
					};
				};
			};
			buildConfigurationList = BFC7CAD12E11E66F001B39B5 /* Build configuration list for PBXProject "ReviewsApp" */;
			compatibilityVersion = "Xcode 14.0";
			developmentRegion = en;
			hasScannedForEncodings = 0;
			knownRegions = (
				en,
				Base,
			);
			mainGroup = BFC7CACD2E11E66F001B39B5;
			productRefGroup = BFC7CAD72E11E66F001B39B5 /* Products */;
			projectDirPath = "";
			projectRoot = "";
			targets = (
				BFC7CAD52E11E66F001B39B5 /* ReviewsApp */,
			);
		};
/* End PBXProject section */

/* Begin PBXResourcesBuildPhase section */
		BFC7CAD42E11E66F001B39B5 /* Resources */ = {
			isa = PBXResourcesBuildPhase;
			buildActionMask = 2147483647;
			files = (
				BFC7CB022E11E8BB001B39B5 /* getReviews.response.json in Resources */,
				BFC7CAE32E11E674001B39B5 /* Assets.xcassets in Resources */,
			);
			runOnlyForDeploymentPostprocessing = 0;
		};
/* End PBXResourcesBuildPhase section */

/* Begin PBXSourcesBuildPhase section */
		BFC7CAD22E11E66F001B39B5 /* Sources */ = {
			isa = PBXSourcesBuildPhase;
			buildActionMask = 2147483647;
			files = (
				BFC7CADA2E11E66F001B39B5 /* AppDelegate.swift in Sources */,
				BFC7CB1C2E11EC2E001B39B5 /* ReviewCountCell.swift in Sources */,
				BFC7CB192E11E903001B39B5 /* RootViewController.swift in Sources */,
				BFC7CAF12E11E6FE001B39B5 /* Fonts.swift in Sources */,
				BFC7CB0F2E11E8E2001B39B5 /* ReviewsViewModel.swift in Sources */,
				BFC7CAFB2E11E80D001B39B5 /* Review.swift in Sources */,
				BFC7CAF02E11E6FE001B39B5 /* Colors.swift in Sources */,
				BFC7CB102E11E8E2001B39B5 /* ReviewsView.swift in Sources */,
				BFC7CAFA2E11E80D001B39B5 /* Reviews.swift in Sources */,
				BFC7CAF62E11E7EE001B39B5 /* String+Ext.swift in Sources */,
				BFC7CB0D2E11E8E2001B39B5 /* ReviewsScreenFactory.swift in Sources */,
				BFC7CB0E2E11E8E2001B39B5 /* ReviewsViewController.swift in Sources */,
				BFC7CB0C2E11E8E2001B39B5 /* ReviewsProvider.swift in Sources */,
				BFC7CAFE2E11E826001B39B5 /* TableCellConfig.swift in Sources */,
				BFC7CB122E11E8E2001B39B5 /* ReviewsViewModelState.swift in Sources */,
				BFC7CB1A2E11E903001B39B5 /* RootView.swift in Sources */,
				BFC7CB152E11E8F0001B39B5 /* ReviewCell.swift in Sources */,
				BFC7CAF52E11E7EE001B39B5 /* NSAttributedString+Ext.swift in Sources */,
				BFC7CB112E11E8E2001B39B5 /* RatingRenderer.swift in Sources */,
			);
			runOnlyForDeploymentPostprocessing = 0;
		};
/* End PBXSourcesBuildPhase section */

/* Begin XCBuildConfiguration section */
		BFC7CAE82E11E674001B39B5 /* Debug */ = {
			isa = XCBuildConfiguration;
			buildSettings = {
				ALWAYS_SEARCH_USER_PATHS = NO;
				ASSETCATALOG_COMPILER_GENERATE_SWIFT_ASSET_SYMBOL_EXTENSIONS = YES;
				CLANG_ANALYZER_NONNULL = YES;
				CLANG_ANALYZER_NUMBER_OBJECT_CONVERSION = YES_AGGRESSIVE;
				CLANG_CXX_LANGUAGE_STANDARD = "gnu++20";
				CLANG_ENABLE_MODULES = YES;
				CLANG_ENABLE_OBJC_ARC = YES;
				CLANG_ENABLE_OBJC_WEAK = YES;
				CLANG_WARN_BLOCK_CAPTURE_AUTORELEASING = YES;
				CLANG_WARN_BOOL_CONVERSION = YES;
				CLANG_WARN_COMMA = YES;
				CLANG_WARN_CONSTANT_CONVERSION = YES;
				CLANG_WARN_DEPRECATED_OBJC_IMPLEMENTATIONS = YES;
				CLANG_WARN_DIRECT_OBJC_ISA_USAGE = YES_ERROR;
				CLANG_WARN_DOCUMENTATION_COMMENTS = YES;
				CLANG_WARN_EMPTY_BODY = YES;
				CLANG_WARN_ENUM_CONVERSION = YES;
				CLANG_WARN_INFINITE_RECURSION = YES;
				CLANG_WARN_INT_CONVERSION = YES;
				CLANG_WARN_NON_LITERAL_NULL_CONVERSION = YES;
				CLANG_WARN_OBJC_IMPLICIT_RETAIN_SELF = YES;
				CLANG_WARN_OBJC_LITERAL_CONVERSION = YES;
				CLANG_WARN_OBJC_ROOT_CLASS = YES_ERROR;
				CLANG_WARN_QUOTED_INCLUDE_IN_FRAMEWORK_HEADER = YES;
				CLANG_WARN_RANGE_LOOP_ANALYSIS = YES;
				CLANG_WARN_STRICT_PROTOTYPES = YES;
				CLANG_WARN_SUSPICIOUS_MOVE = YES;
				CLANG_WARN_UNGUARDED_AVAILABILITY = YES_AGGRESSIVE;
				CLANG_WARN_UNREACHABLE_CODE = YES;
				CLANG_WARN__DUPLICATE_METHOD_MATCH = YES;
				COPY_PHASE_STRIP = NO;
				DEBUG_INFORMATION_FORMAT = dwarf;
				ENABLE_STRICT_OBJC_MSGSEND = YES;
				ENABLE_TESTABILITY = YES;
				ENABLE_USER_SCRIPT_SANDBOXING = YES;
				GCC_C_LANGUAGE_STANDARD = gnu17;
				GCC_DYNAMIC_NO_PIC = NO;
				GCC_NO_COMMON_BLOCKS = YES;
				GCC_OPTIMIZATION_LEVEL = 0;
				GCC_PREPROCESSOR_DEFINITIONS = (
					"DEBUG=1",
					"$(inherited)",
				);
				GCC_WARN_64_TO_32_BIT_CONVERSION = YES;
				GCC_WARN_ABOUT_RETURN_TYPE = YES_ERROR;
				GCC_WARN_UNDECLARED_SELECTOR = YES;
				GCC_WARN_UNINITIALIZED_AUTOS = YES_AGGRESSIVE;
				GCC_WARN_UNUSED_FUNCTION = YES;
				GCC_WARN_UNUSED_VARIABLE = YES;
				IPHONEOS_DEPLOYMENT_TARGET = 15.6;
				LOCALIZATION_PREFERS_STRING_CATALOGS = YES;
				MTL_ENABLE_DEBUG_INFO = INCLUDE_SOURCE;
				MTL_FAST_MATH = YES;
				ONLY_ACTIVE_ARCH = YES;
				SDKROOT = iphoneos;
				SWIFT_ACTIVE_COMPILATION_CONDITIONS = "DEBUG $(inherited)";
				SWIFT_OPTIMIZATION_LEVEL = "-Onone";
			};
			name = Debug;
		};
		BFC7CAE92E11E674001B39B5 /* Release */ = {
			isa = XCBuildConfiguration;
			buildSettings = {
				ALWAYS_SEARCH_USER_PATHS = NO;
				ASSETCATALOG_COMPILER_GENERATE_SWIFT_ASSET_SYMBOL_EXTENSIONS = YES;
				CLANG_ANALYZER_NONNULL = YES;
				CLANG_ANALYZER_NUMBER_OBJECT_CONVERSION = YES_AGGRESSIVE;
				CLANG_CXX_LANGUAGE_STANDARD = "gnu++20";
				CLANG_ENABLE_MODULES = YES;
				CLANG_ENABLE_OBJC_ARC = YES;
				CLANG_ENABLE_OBJC_WEAK = YES;
				CLANG_WARN_BLOCK_CAPTURE_AUTORELEASING = YES;
				CLANG_WARN_BOOL_CONVERSION = YES;
				CLANG_WARN_COMMA = YES;
				CLANG_WARN_CONSTANT_CONVERSION = YES;
				CLANG_WARN_DEPRECATED_OBJC_IMPLEMENTATIONS = YES;
				CLANG_WARN_DIRECT_OBJC_ISA_USAGE = YES_ERROR;
				CLANG_WARN_DOCUMENTATION_COMMENTS = YES;
				CLANG_WARN_EMPTY_BODY = YES;
				CLANG_WARN_ENUM_CONVERSION = YES;
				CLANG_WARN_INFINITE_RECURSION = YES;
				CLANG_WARN_INT_CONVERSION = YES;
				CLANG_WARN_NON_LITERAL_NULL_CONVERSION = YES;
				CLANG_WARN_OBJC_IMPLICIT_RETAIN_SELF = YES;
				CLANG_WARN_OBJC_LITERAL_CONVERSION = YES;
				CLANG_WARN_OBJC_ROOT_CLASS = YES_ERROR;
				CLANG_WARN_QUOTED_INCLUDE_IN_FRAMEWORK_HEADER = YES;
				CLANG_WARN_RANGE_LOOP_ANALYSIS = YES;
				CLANG_WARN_STRICT_PROTOTYPES = YES;
				CLANG_WARN_SUSPICIOUS_MOVE = YES;
				CLANG_WARN_UNGUARDED_AVAILABILITY = YES_AGGRESSIVE;
				CLANG_WARN_UNREACHABLE_CODE = YES;
				CLANG_WARN__DUPLICATE_METHOD_MATCH = YES;
				COPY_PHASE_STRIP = NO;
				DEBUG_INFORMATION_FORMAT = "dwarf-with-dsym";
				ENABLE_NS_ASSERTIONS = NO;
				ENABLE_STRICT_OBJC_MSGSEND = YES;
				ENABLE_USER_SCRIPT_SANDBOXING = YES;
				GCC_C_LANGUAGE_STANDARD = gnu17;
				GCC_NO_COMMON_BLOCKS = YES;
				GCC_WARN_64_TO_32_BIT_CONVERSION = YES;
				GCC_WARN_ABOUT_RETURN_TYPE = YES_ERROR;
				GCC_WARN_UNDECLARED_SELECTOR = YES;
				GCC_WARN_UNINITIALIZED_AUTOS = YES_AGGRESSIVE;
				GCC_WARN_UNUSED_FUNCTION = YES;
				GCC_WARN_UNUSED_VARIABLE = YES;
				IPHONEOS_DEPLOYMENT_TARGET = 15.6;
				LOCALIZATION_PREFERS_STRING_CATALOGS = YES;
				MTL_ENABLE_DEBUG_INFO = NO;
				MTL_FAST_MATH = YES;
				SDKROOT = iphoneos;
				SWIFT_COMPILATION_MODE = wholemodule;
				VALIDATE_PRODUCT = YES;
			};
			name = Release;
		};
		BFC7CAEB2E11E674001B39B5 /* Debug */ = {
			isa = XCBuildConfiguration;
			buildSettings = {
				ASSETCATALOG_COMPILER_APPICON_NAME = AppIcon;
				ASSETCATALOG_COMPILER_GLOBAL_ACCENT_COLOR_NAME = AccentColor;
				CODE_SIGN_STYLE = Automatic;
				CURRENT_PROJECT_VERSION = 1;
				DEVELOPMENT_TEAM = K3ZV6Z4Y33;
				GENERATE_INFOPLIST_FILE = YES;
				INFOPLIST_FILE = ReviewsApp/Info.plist;
				INFOPLIST_KEY_UIApplicationSupportsIndirectInputEvents = YES;
				INFOPLIST_KEY_UILaunchStoryboardName = LaunchScreen;
				INFOPLIST_KEY_UISupportedInterfaceOrientations_iPad = "UIInterfaceOrientationPortrait UIInterfaceOrientationPortraitUpsideDown UIInterfaceOrientationLandscapeLeft UIInterfaceOrientationLandscapeRight";
				INFOPLIST_KEY_UISupportedInterfaceOrientations_iPhone = "UIInterfaceOrientationPortrait UIInterfaceOrientationLandscapeLeft UIInterfaceOrientationLandscapeRight";
				IPHONEOS_DEPLOYMENT_TARGET = 15.6;
				LD_RUNPATH_SEARCH_PATHS = (
					"$(inherited)",
					"@executable_path/Frameworks",
				);
				MARKETING_VERSION = 1.0;
				PRODUCT_BUNDLE_IDENTIFIER = com.malinais.ReviewsApp;
				PRODUCT_NAME = "$(TARGET_NAME)";
				SWIFT_EMIT_LOC_STRINGS = YES;
				SWIFT_VERSION = 5.0;
				TARGETED_DEVICE_FAMILY = "1,2";
			};
			name = Debug;
		};
		BFC7CAEC2E11E674001B39B5 /* Release */ = {
			isa = XCBuildConfiguration;
			buildSettings = {
				ASSETCATALOG_COMPILER_APPICON_NAME = AppIcon;
				ASSETCATALOG_COMPILER_GLOBAL_ACCENT_COLOR_NAME = AccentColor;
				CODE_SIGN_STYLE = Automatic;
				CURRENT_PROJECT_VERSION = 1;
				DEVELOPMENT_TEAM = K3ZV6Z4Y33;
				GENERATE_INFOPLIST_FILE = YES;
				INFOPLIST_FILE = ReviewsApp/Info.plist;
				INFOPLIST_KEY_UIApplicationSupportsIndirectInputEvents = YES;
				INFOPLIST_KEY_UILaunchStoryboardName = LaunchScreen;
				INFOPLIST_KEY_UISupportedInterfaceOrientations_iPad = "UIInterfaceOrientationPortrait UIInterfaceOrientationPortraitUpsideDown UIInterfaceOrientationLandscapeLeft UIInterfaceOrientationLandscapeRight";
				INFOPLIST_KEY_UISupportedInterfaceOrientations_iPhone = "UIInterfaceOrientationPortrait UIInterfaceOrientationLandscapeLeft UIInterfaceOrientationLandscapeRight";
				IPHONEOS_DEPLOYMENT_TARGET = 15.6;
				LD_RUNPATH_SEARCH_PATHS = (
					"$(inherited)",
					"@executable_path/Frameworks",
				);
				MARKETING_VERSION = 1.0;
				PRODUCT_BUNDLE_IDENTIFIER = com.malinais.ReviewsApp;
				PRODUCT_NAME = "$(TARGET_NAME)";
				SWIFT_EMIT_LOC_STRINGS = YES;
				SWIFT_VERSION = 5.0;
				TARGETED_DEVICE_FAMILY = "1,2";
			};
			name = Release;
		};
/* End XCBuildConfiguration section */

/* Begin XCConfigurationList section */
		BFC7CAD12E11E66F001B39B5 /* Build configuration list for PBXProject "ReviewsApp" */ = {
			isa = XCConfigurationList;
			buildConfigurations = (
				BFC7CAE82E11E674001B39B5 /* Debug */,
				BFC7CAE92E11E674001B39B5 /* Release */,
			);
			defaultConfigurationIsVisible = 0;
			defaultConfigurationName = Release;
		};
		BFC7CAEA2E11E674001B39B5 /* Build configuration list for PBXNativeTarget "ReviewsApp" */ = {
			isa = XCConfigurationList;
			buildConfigurations = (
				BFC7CAEB2E11E674001B39B5 /* Debug */,
				BFC7CAEC2E11E674001B39B5 /* Release */,
			);
			defaultConfigurationIsVisible = 0;
			defaultConfigurationName = Release;
		};
/* End XCConfigurationList section */
	};
	rootObject = BFC7CACE2E11E66F001B39B5 /* Project object */;
}
